
Microsoft Visual Studio Solution File, Format Version 12.00
# Visual Studio Version 17
VisualStudioVersion = 17.11.35312.102
MinimumVisualStudioVersion = 10.0.40219.1
Project("{FAE04EC0-301F-11D3-BF4B-00C04F79EFBC}") = "NorthWind_windows_application", "NorthWind_windows_application\NorthWind_windows_application.csproj", "{B3B73E8B-7462-40BE-9745-79575D72751A}"
EndProject
Project("{FAE04EC0-301F-11D3-BF4B-00C04F79EFBC}") = "DataAccessLayer", "DataAccessLayer\DataAccessLayer.csproj", "{4E23B9AA-DD72-4330-8578-0619DFB2BD71}"
EndProject
Global
	GlobalSection(SolutionConfigurationPlatforms) = preSolution
		Debug|Any CPU = Debug|Any CPU
		Release|Any CPU = Release|Any CPU
	EndGlobalSection
	GlobalSection(ProjectConfigurationPlatforms) = postSolution
		{B3B73E8B-7462-40BE-9745-79575D72751A}.Debug|Any CPU.ActiveCfg = Debug|Any CPU
		{B3B73E8B-7462-40BE-9745-79575D72751A}.Debug|Any CPU.Build.0 = Debug|Any CPU
		{B3B73E8B-7462-40BE-9745-79575D72751A}.Release|Any CPU.ActiveCfg = Release|Any CPU
		{B3B73E8B-7462-40BE-9745-79575D72751A}.Release|Any CPU.Build.0 = Release|Any CPU
		{4E23B9AA-DD72-4330-8578-0619DFB2BD71}.Debug|Any CPU.ActiveCfg = Debug|Any CPU
		{4E23B9AA-DD72-4330-8578-0619DFB2BD71}.Debug|Any CPU.Build.0 = Debug|Any CPU
		{4E23B9AA-DD72-4330-8578-0619DFB2BD71}.Release|Any CPU.ActiveCfg = Release|Any CPU
		{4E23B9AA-DD72-4330-8578-0619DFB2BD71}.Release|Any CPU.Build.0 = Release|Any CPU
	EndGlobalSection
	GlobalSection(SolutionProperties) = preSolution
		HideSolutionNode = FALSE
	EndGlobalSection
	GlobalSection(ExtensibilityGlobals) = postSolution
		SolutionGuid = {36495C91-52F4-4215-9AD3-062DB5AC1E02}
	EndGlobalSection
EndGlobal
